// !$*UTF8*$!
{
	archiveVersion = 1;
	classes = {
	};
	objectVersion = 46;
	objects = {

/* Begin PBXBuildFile section */
		52409C981D45122C00E95D02 /* PathManager.swift in Sources */ = {isa = PBXBuildFile; fileRef = 52409C971D45122C00E95D02 /* PathManager.swift */; };
		52409C9C1D45155500E95D02 /* RGBAViewController.swift in Sources */ = {isa = PBXBuildFile; fileRef = 52409C9B1D45155500E95D02 /* RGBAViewController.swift */; };
		529FD3031D4139C100DA0E7F /* AppDelegate.swift in Sources */ = {isa = PBXBuildFile; fileRef = 529FD3021D4139C100DA0E7F /* AppDelegate.swift */; };
		529FD3051D4139C100DA0E7F /* DrawViewController.swift in Sources */ = {isa = PBXBuildFile; fileRef = 529FD3041D4139C100DA0E7F /* DrawViewController.swift */; };
		529FD3081D4139C100DA0E7F /* Main.storyboard in Resources */ = {isa = PBXBuildFile; fileRef = 529FD3061D4139C100DA0E7F /* Main.storyboard */; };
		529FD30A1D4139C100DA0E7F /* Assets.xcassets in Resources */ = {isa = PBXBuildFile; fileRef = 529FD3091D4139C100DA0E7F /* Assets.xcassets */; };
		529FD30D1D4139C100DA0E7F /* LaunchScreen.storyboard in Resources */ = {isa = PBXBuildFile; fileRef = 529FD30B1D4139C100DA0E7F /* LaunchScreen.storyboard */; };
		529FD3151D413A6400DA0E7F /* DrawView.swift in Sources */ = {isa = PBXBuildFile; fileRef = 529FD3141D413A6400DA0E7F /* DrawView.swift */; };
/* End PBXBuildFile section */

/* Begin PBXFileReference section */
		52409C971D45122C00E95D02 /* PathManager.swift */ = {isa = PBXFileReference; fileEncoding = 4; lastKnownFileType = sourcecode.swift; name = PathManager.swift; path = ColorPicker/PathManager.swift; sourceTree = "<group>"; };
		52409C9B1D45155500E95D02 /* RGBAViewController.swift */ = {isa = PBXFileReference; fileEncoding = 4; lastKnownFileType = sourcecode.swift; path = RGBAViewController.swift; sourceTree = "<group>"; };
		529FD2FF1D4139C100DA0E7F /* ColorPicker.app */ = {isa = PBXFileReference; explicitFileType = wrapper.application; includeInIndex = 0; path = ColorPicker.app; sourceTree = BUILT_PRODUCTS_DIR; };
		529FD3021D4139C100DA0E7F /* AppDelegate.swift */ = {isa = PBXFileReference; lastKnownFileType = sourcecode.swift; path = AppDelegate.swift; sourceTree = "<group>"; };
		529FD3041D4139C100DA0E7F /* DrawViewController.swift */ = {isa = PBXFileReference; lastKnownFileType = sourcecode.swift; path = DrawViewController.swift; sourceTree = "<group>"; };
		529FD3071D4139C100DA0E7F /* Base */ = {isa = PBXFileReference; lastKnownFileType = file.storyboard; name = Base; path = Base.lproj/Main.storyboard; sourceTree = "<group>"; };
		529FD3091D4139C100DA0E7F /* Assets.xcassets */ = {isa = PBXFileReference; lastKnownFileType = folder.assetcatalog; path = Assets.xcassets; sourceTree = "<group>"; };
		529FD30C1D4139C100DA0E7F /* Base */ = {isa = PBXFileReference; lastKnownFileType = file.storyboard; name = Base; path = Base.lproj/LaunchScreen.storyboard; sourceTree = "<group>"; };
		529FD30E1D4139C100DA0E7F /* Info.plist */ = {isa = PBXFileReference; lastKnownFileType = text.plist.xml; path = Info.plist; sourceTree = "<group>"; };
		529FD3141D413A6400DA0E7F /* DrawView.swift */ = {isa = PBXFileReference; fileEncoding = 4; lastKnownFileType = sourcecode.swift; path = DrawView.swift; sourceTree = "<group>"; };
/* End PBXFileReference section */

/* Begin PBXFrameworksBuildPhase section */
		529FD2FC1D4139C100DA0E7F /* Frameworks */ = {
			isa = PBXFrameworksBuildPhase;
			buildActionMask = 2147483647;
			files = (
			);
			runOnlyForDeploymentPostprocessing = 0;
		};
/* End PBXFrameworksBuildPhase section */

/* Begin PBXGroup section */
		52409C991D4513ED00E95D02 /* Draw */ = {
			isa = PBXGroup;
			children = (
				529FD3041D4139C100DA0E7F /* DrawViewController.swift */,
				529FD3141D413A6400DA0E7F /* DrawView.swift */,
			);
			name = Draw;
			sourceTree = "<group>";
		};
		52409C9A1D4513F500E95D02 /* Supporting Files */ = {
			isa = PBXGroup;
			children = (
				529FD3021D4139C100DA0E7F /* AppDelegate.swift */,
				529FD3091D4139C100DA0E7F /* Assets.xcassets */,
				529FD30B1D4139C100DA0E7F /* LaunchScreen.storyboard */,
				529FD30E1D4139C100DA0E7F /* Info.plist */,
			);
			name = "Supporting Files";
			sourceTree = "<group>";
		};
		529FD2F61D4139C100DA0E7F = {
			isa = PBXGroup;
			children = (
				52409C971D45122C00E95D02 /* PathManager.swift */,
				529FD3011D4139C100DA0E7F /* ColorPicker */,
				529FD3001D4139C100DA0E7F /* Products */,
			);
			sourceTree = "<group>";
		};
		529FD3001D4139C100DA0E7F /* Products */ = {
			isa = PBXGroup;
			children = (
				529FD2FF1D4139C100DA0E7F /* ColorPicker.app */,
			);
			name = Products;
			sourceTree = "<group>";
		};
		529FD3011D4139C100DA0E7F /* ColorPicker */ = {
			isa = PBXGroup;
			children = (
				52409C9A1D4513F500E95D02 /* Supporting Files */,
				52409C991D4513ED00E95D02 /* Draw */,
				529FD3061D4139C100DA0E7F /* Main.storyboard */,
				52409C9B1D45155500E95D02 /* RGBAViewController.swift */,
			);
			path = ColorPicker;
			sourceTree = "<group>";
		};
/* End PBXGroup section */

/* Begin PBXNativeTarget section */
		529FD2FE1D4139C100DA0E7F /* ColorPicker */ = {
			isa = PBXNativeTarget;
			buildConfigurationList = 529FD3111D4139C100DA0E7F /* Build configuration list for PBXNativeTarget "ColorPicker" */;
			buildPhases = (
				529FD2FB1D4139C100DA0E7F /* Sources */,
				529FD2FC1D4139C100DA0E7F /* Frameworks */,
				529FD2FD1D4139C100DA0E7F /* Resources */,
			);
			buildRules = (
			);
			dependencies = (
			);
			name = ColorPicker;
			productName = ColorPicker;
			productReference = 529FD2FF1D4139C100DA0E7F /* ColorPicker.app */;
			productType = "com.apple.product-type.application";
		};
/* End PBXNativeTarget section */

/* Begin PBXProject section */
		529FD2F71D4139C100DA0E7F /* Project object */ = {
			isa = PBXProject;
			attributes = {
				LastSwiftUpdateCheck = 0730;
				LastUpgradeCheck = 0800;
				ORGANIZATIONNAME = WWITDC;
				TargetAttributes = {
					529FD2FE1D4139C100DA0E7F = {
						CreatedOnToolsVersion = 7.3.1;
						DevelopmentTeam = 2H866F22W7;
						LastSwiftMigration = 0800;
					};
				};
			};
			buildConfigurationList = 529FD2FA1D4139C100DA0E7F /* Build configuration list for PBXProject "ColorPicker" */;
			compatibilityVersion = "Xcode 3.2";
			developmentRegion = English;
			hasScannedForEncodings = 0;
			knownRegions = (
				en,
				Base,
			);
			mainGroup = 529FD2F61D4139C100DA0E7F;
			productRefGroup = 529FD3001D4139C100DA0E7F /* Products */;
			projectDirPath = "";
			projectRoot = "";
			targets = (
				529FD2FE1D4139C100DA0E7F /* ColorPicker */,
			);
		};
/* End PBXProject section */

/* Begin PBXResourcesBuildPhase section */
		529FD2FD1D4139C100DA0E7F /* Resources */ = {
			isa = PBXResourcesBuildPhase;
			buildActionMask = 2147483647;
			files = (
				529FD30D1D4139C100DA0E7F /* LaunchScreen.storyboard in Resources */,
				529FD30A1D4139C100DA0E7F /* Assets.xcassets in Resources */,
				529FD3081D4139C100DA0E7F /* Main.storyboard in Resources */,
			);
			runOnlyForDeploymentPostprocessing = 0;
		};
/* End PBXResourcesBuildPhase section */

/* Begin PBXSourcesBuildPhase section */
		529FD2FB1D4139C100DA0E7F /* Sources */ = {
			isa = PBXSourcesBuildPhase;
			buildActionMask = 2147483647;
			files = (
				52409C981D45122C00E95D02 /* PathManager.swift in Sources */,
				529FD3051D4139C100DA0E7F /* DrawViewController.swift in Sources */,
				529FD3031D4139C100DA0E7F /* AppDelegate.swift in Sources */,
				529FD3151D413A6400DA0E7F /* DrawView.swift in Sources */,
				52409C9C1D45155500E95D02 /* RGBAViewController.swift in Sources */,
			);
			runOnlyForDeploymentPostprocessing = 0;
		};
/* End PBXSourcesBuildPhase section */

/* Begin PBXVariantGroup section */
		529FD3061D4139C100DA0E7F /* Main.storyboard */ = {
			isa = PBXVariantGroup;
			children = (
				529FD3071D4139C100DA0E7F /* Base */,
			);
			name = Main.storyboard;
			sourceTree = "<group>";
		};
		529FD30B1D4139C100DA0E7F /* LaunchScreen.storyboard */ = {
			isa = PBXVariantGroup;
			children = (
				529FD30C1D4139C100DA0E7F /* Base */,
			);
			name = LaunchScreen.storyboard;
			sourceTree = "<group>";
		};
/* End PBXVariantGroup section */

/* Begin XCBuildConfiguration section */
		529FD30F1D4139C100DA0E7F /* Debug */ = {
			isa = XCBuildConfiguration;
			buildSettings = {
				ALWAYS_SEARCH_USER_PATHS = NO;
				CLANG_ANALYZER_NONNULL = YES;
				CLANG_CXX_LANGUAGE_STANDARD = "gnu++0x";
				CLANG_CXX_LIBRARY = "libc++";
				CLANG_ENABLE_MODULES = YES;
				CLANG_ENABLE_OBJC_ARC = YES;
				CLANG_WARN_BOOL_CONVERSION = YES;
				CLANG_WARN_CONSTANT_CONVERSION = YES;
				CLANG_WARN_DIRECT_OBJC_ISA_USAGE = YES_ERROR;
				CLANG_WARN_EMPTY_BODY = YES;
				CLANG_WARN_ENUM_CONVERSION = YES;
				CLANG_WARN_INT_CONVERSION = YES;
				CLANG_WARN_OBJC_ROOT_CLASS = YES_ERROR;
				CLANG_WARN_UNREACHABLE_CODE = YES;
				CLANG_WARN__DUPLICATE_METHOD_MATCH = YES;
				"CODE_SIGN_IDENTITY[sdk=iphoneos*]" = "iPhone Developer";
				COPY_PHASE_STRIP = NO;
				DEBUG_INFORMATION_FORMAT = dwarf;
				ENABLE_STRICT_OBJC_MSGSEND = YES;
				ENABLE_TESTABILITY = YES;
				GCC_C_LANGUAGE_STANDARD = gnu99;
				GCC_DYNAMIC_NO_PIC = NO;
				GCC_NO_COMMON_BLOCKS = YES;
				GCC_OPTIMIZATION_LEVEL = 0;
				GCC_PREPROCESSOR_DEFINITIONS = (
					"DEBUG=1",
					"$(inherited)",
				);
				GCC_WARN_64_TO_32_BIT_CONVERSION = YES;
				GCC_WARN_ABOUT_RETURN_TYPE = YES_ERROR;
				GCC_WARN_UNDECLARED_SELECTOR = YES;
				GCC_WARN_UNINITIALIZED_AUTOS = YES_AGGRESSIVE;
				GCC_WARN_UNUSED_FUNCTION = YES;
				GCC_WARN_UNUSED_VARIABLE = YES;
				IPHONEOS_DEPLOYMENT_TARGET = 8.1;
				MTL_ENABLE_DEBUG_INFO = YES;
				ONLY_ACTIVE_ARCH = YES;
				SDKROOT = iphoneos;
				SWIFT_OPTIMIZATION_LEVEL = "-Onone";
				TARGETED_DEVICE_FAMILY = "1,2";
			};
			name = Debug;
		};
		529FD3101D4139C100DA0E7F /* Release */ = {
			isa = XCBuildConfiguration;
			buildSettings = {
				ALWAYS_SEARCH_USER_PATHS = NO;
				CLANG_ANALYZER_NONNULL = YES;
				CLANG_CXX_LANGUAGE_STANDARD = "gnu++0x";
				CLANG_CXX_LIBRARY = "libc++";
				CLANG_ENABLE_MODULES = YES;
				CLANG_ENABLE_OBJC_ARC = YES;
				CLANG_WARN_BOOL_CONVERSION = YES;
				CLANG_WARN_CONSTANT_CONVERSION = YES;
				CLANG_WARN_DIRECT_OBJC_ISA_USAGE = YES_ERROR;
				CLANG_WARN_EMPTY_BODY = YES;
				CLANG_WARN_ENUM_CONVERSION = YES;
				CLANG_WARN_INT_CONVERSION = YES;
				CLANG_WARN_OBJC_ROOT_CLASS = YES_ERROR;
				CLANG_WARN_UNREACHABLE_CODE = YES;
				CLANG_WARN__DUPLICATE_METHOD_MATCH = YES;
				"CODE_SIGN_IDENTITY[sdk=iphoneos*]" = "iPhone Developer";
				COPY_PHASE_STRIP = NO;
				DEBUG_INFORMATION_FORMAT = "dwarf-with-dsym";
				ENABLE_NS_ASSERTIONS = NO;
				ENABLE_STRICT_OBJC_MSGSEND = YES;
				GCC_C_LANGUAGE_STANDARD = gnu99;
				GCC_NO_COMMON_BLOCKS = YES;
				GCC_WARN_64_TO_32_BIT_CONVERSION = YES;
				GCC_WARN_ABOUT_RETURN_TYPE = YES_ERROR;
				GCC_WARN_UNDECLARED_SELECTOR = YES;
				GCC_WARN_UNINITIALIZED_AUTOS = YES_AGGRESSIVE;
				GCC_WARN_UNUSED_FUNCTION = YES;
				GCC_WARN_UNUSED_VARIABLE = YES;
				IPHONEOS_DEPLOYMENT_TARGET = 8.1;
				MTL_ENABLE_DEBUG_INFO = NO;
				SDKROOT = iphoneos;
				TARGETED_DEVICE_FAMILY = "1,2";
				VALIDATE_PRODUCT = YES;
			};
			name = Release;
		};
		529FD3121D4139C100DA0E7F /* Debug */ = {
			isa = XCBuildConfiguration;
			buildSettings = {
				ASSETCATALOG_COMPILER_APPICON_NAME = AppIcon;
				CODE_SIGN_IDENTITY = "iPhone Developer";
				INFOPLIST_FILE = ColorPicker/Info.plist;
				IPHONEOS_DEPLOYMENT_TARGET = 8.1;
				LD_RUNPATH_SEARCH_PATHS = "$(inherited) @executable_path/Frameworks";
				PRODUCT_BUNDLE_IDENTIFIER = com.wwitdc.apollo.ColorPicker;
				PRODUCT_NAME = "$(TARGET_NAME)";
				SWIFT_VERSION = 3.0;
			};
			name = Debug;
		};
		529FD3131D4139C100DA0E7F /* Release */ = {
			isa = XCBuildConfiguration;
			buildSettings = {
				ASSETCATALOG_COMPILER_APPICON_NAME = AppIcon;
				CODE_SIGN_IDENTITY = "iPhone Developer";
				INFOPLIST_FILE = ColorPicker/Info.plist;
				IPHONEOS_DEPLOYMENT_TARGET = 8.1;
				LD_RUNPATH_SEARCH_PATHS = "$(inherited) @executable_path/Frameworks";
				PRODUCT_BUNDLE_IDENTIFIER = com.wwitdc.apollo.ColorPicker;
				PRODUCT_NAME = "$(TARGET_NAME)";
				SWIFT_OPTIMIZATION_LEVEL = "-Owholemodule";
				SWIFT_VERSION = 3.0;
			};
			name = Release;
		};
/* End XCBuildConfiguration section */

/* Begin XCConfigurationList section */
		529FD2FA1D4139C100DA0E7F /* Build configuration list for PBXProject "ColorPicker" */ = {
			isa = XCConfigurationList;
			buildConfigurations = (
				529FD30F1D4139C100DA0E7F /* Debug */,
				529FD3101D4139C100DA0E7F /* Release */,
			);
			defaultConfigurationIsVisible = 0;
			defaultConfigurationName = Release;
		};
		529FD3111D4139C100DA0E7F /* Build configuration list for PBXNativeTarget "ColorPicker" */ = {
			isa = XCConfigurationList;
			buildConfigurations = (
				529FD3121D4139C100DA0E7F /* Debug */,
				529FD3131D4139C100DA0E7F /* Release */,
			);
			defaultConfigurationIsVisible = 0;
			defaultConfigurationName = Release;
		};
/* End XCConfigurationList section */
	};
	rootObject = 529FD2F71D4139C100DA0E7F /* Project object */;
}
